
Microsoft Visual Studio Solution File, Format Version 12.00
# Visual Studio 15
VisualStudioVersion = 15.0.28307.705
MinimumVisualStudioVersion = 10.0.40219.1
Project("{FAE04EC0-301F-11D3-BF4B-00C04F79EFBC}") = "BusScheduleManager", "BusScheduleManager\BusScheduleManager.csproj", "{F6C14133-CCFB-458A-84C4-94DFF5ECE899}"
EndProject
Project("{FAE04EC0-301F-11D3-BF4B-00C04F79EFBC}") = "BusSchedulemanager.DataAccess", "BusSchedulemanager.DataAccess\BusSchedulemanager.DataAccess.csproj", "{8DC81C36-EC05-45DE-B000-1CA19120E883}"
EndProject
Project("{FAE04EC0-301F-11D3-BF4B-00C04F79EFBC}") = "BusSchedulemanager.Database", "BusSchedulemanager.Database\BusSchedulemanager.Database.csproj", "{603C48A0-8526-4368-BB9B-BC1B5DB9649F}"
EndProject
Project("{FAE04EC0-301F-11D3-BF4B-00C04F79EFBC}") = "BusSchedulemanager.Types", "BusSchedulemanager.Types\BusSchedulemanager.Types.csproj", "{0BA78955-B691-4070-A54E-AF2D834F3B39}"
EndProject
Project("{FAE04EC0-301F-11D3-BF4B-00C04F79EFBC}") = "BusSchedulemanager.Utilities", "BusSchedulemanager.Utilities\BusSchedulemanager.Utilities.csproj", "{1DDDEBBE-E62E-4139-B189-F1F02ADAC044}"
EndProject
Global
	GlobalSection(SolutionConfigurationPlatforms) = preSolution
		Debug|Any CPU = Debug|Any CPU
		Release|Any CPU = Release|Any CPU
	EndGlobalSection
	GlobalSection(ProjectConfigurationPlatforms) = postSolution
		{F6C14133-CCFB-458A-84C4-94DFF5ECE899}.Debug|Any CPU.ActiveCfg = Debug|Any CPU
		{F6C14133-CCFB-458A-84C4-94DFF5ECE899}.Debug|Any CPU.Build.0 = Debug|Any CPU
		{F6C14133-CCFB-458A-84C4-94DFF5ECE899}.Release|Any CPU.ActiveCfg = Release|Any CPU
		{F6C14133-CCFB-458A-84C4-94DFF5ECE899}.Release|Any CPU.Build.0 = Release|Any CPU
		{8DC81C36-EC05-45DE-B000-1CA19120E883}.Debug|Any CPU.ActiveCfg = Debug|Any CPU
		{8DC81C36-EC05-45DE-B000-1CA19120E883}.Debug|Any CPU.Build.0 = Debug|Any CPU
		{8DC81C36-EC05-45DE-B000-1CA19120E883}.Release|Any CPU.ActiveCfg = Release|Any CPU
		{8DC81C36-EC05-45DE-B000-1CA19120E883}.Release|Any CPU.Build.0 = Release|Any CPU
		{603C48A0-8526-4368-BB9B-BC1B5DB9649F}.Debug|Any CPU.ActiveCfg = Debug|Any CPU
		{603C48A0-8526-4368-BB9B-BC1B5DB9649F}.Debug|Any CPU.Build.0 = Debug|Any CPU
		{603C48A0-8526-4368-BB9B-BC1B5DB9649F}.Release|Any CPU.ActiveCfg = Release|Any CPU
		{603C48A0-8526-4368-BB9B-BC1B5DB9649F}.Release|Any CPU.Build.0 = Release|Any CPU
		{0BA78955-B691-4070-A54E-AF2D834F3B39}.Debug|Any CPU.ActiveCfg = Debug|Any CPU
		{0BA78955-B691-4070-A54E-AF2D834F3B39}.Debug|Any CPU.Build.0 = Debug|Any CPU
		{0BA78955-B691-4070-A54E-AF2D834F3B39}.Release|Any CPU.ActiveCfg = Release|Any CPU
		{0BA78955-B691-4070-A54E-AF2D834F3B39}.Release|Any CPU.Build.0 = Release|Any CPU
		{1DDDEBBE-E62E-4139-B189-F1F02ADAC044}.Debug|Any CPU.ActiveCfg = Debug|Any CPU
		{1DDDEBBE-E62E-4139-B189-F1F02ADAC044}.Debug|Any CPU.Build.0 = Debug|Any CPU
		{1DDDEBBE-E62E-4139-B189-F1F02ADAC044}.Release|Any CPU.ActiveCfg = Release|Any CPU
		{1DDDEBBE-E62E-4139-B189-F1F02ADAC044}.Release|Any CPU.Build.0 = Release|Any CPU
	EndGlobalSection
	GlobalSection(SolutionProperties) = preSolution
		HideSolutionNode = FALSE
	EndGlobalSection
	GlobalSection(ExtensibilityGlobals) = postSolution
		SolutionGuid = {63A77EF8-A408-46AD-B1C3-E14E61A57F35}
	EndGlobalSection
EndGlobal
